// !$*UTF8*$!
{
	archiveVersion = 1;
	classes = {
	};
	objectVersion = 46;
	objects = {

/* Begin PBXBuildFile section */
		691F5DB41F07705200B8878A /* IRAnimationStrategyConfig.swift in Sources */ = {isa = PBXBuildFile; fileRef = 691F5DB31F07705200B8878A /* IRAnimationStrategyConfig.swift */; };
		691F5DB61F07718000B8878A /* IRShapeLayerStrategies.swift in Sources */ = {isa = PBXBuildFile; fileRef = 691F5DB51F07718000B8878A /* IRShapeLayerStrategies.swift */; };
		694E9B931F0AFEE100018BF0 /* IRGroupAnimationStrategies.swift in Sources */ = {isa = PBXBuildFile; fileRef = 694E9B921F0AFEE100018BF0 /* IRGroupAnimationStrategies.swift */; };
		697F13EE1F071CAC00FF91FE /* QuartzCore.framework in Frameworks */ = {isa = PBXBuildFile; fileRef = 697F13ED1F071CA000FF91FE /* QuartzCore.framework */; };
		697F13F01F07606F00FF91FE /* IRGradientLayerStrategies.swift in Sources */ = {isa = PBXBuildFile; fileRef = 697F13EF1F07606F00FF91FE /* IRGradientLayerStrategies.swift */; };
		F0270D8A1EF542A9004AED1A /* IRAnimateVC.swift in Sources */ = {isa = PBXBuildFile; fileRef = F0270D881EF542A9004AED1A /* IRAnimateVC.swift */; };
		F0270D8B1EF542A9004AED1A /* IRPropertyAnimationStrategies.swift in Sources */ = {isa = PBXBuildFile; fileRef = F0270D891EF542A9004AED1A /* IRPropertyAnimationStrategies.swift */; };
		F0270D8F1EF542BF004AED1A /* IRScrubbableAnimateVC.swift in Sources */ = {isa = PBXBuildFile; fileRef = F0270D8D1EF542BF004AED1A /* IRScrubbableAnimateVC.swift */; };
		F0270D901EF542BF004AED1A /* IRScrubbableAnimationStrategies.swift in Sources */ = {isa = PBXBuildFile; fileRef = F0270D8E1EF542BF004AED1A /* IRScrubbableAnimationStrategies.swift */; };
		F07FBC371EF4A6D80009AF6E /* AppDelegate.swift in Sources */ = {isa = PBXBuildFile; fileRef = F07FBC361EF4A6D80009AF6E /* AppDelegate.swift */; };
		F07FBC3C1EF4A6D80009AF6E /* Main.storyboard in Resources */ = {isa = PBXBuildFile; fileRef = F07FBC3A1EF4A6D80009AF6E /* Main.storyboard */; };
		F07FBC3E1EF4A6D80009AF6E /* Assets.xcassets in Resources */ = {isa = PBXBuildFile; fileRef = F07FBC3D1EF4A6D80009AF6E /* Assets.xcassets */; };
		F07FBC411EF4A6D80009AF6E /* LaunchScreen.storyboard in Resources */ = {isa = PBXBuildFile; fileRef = F07FBC3F1EF4A6D80009AF6E /* LaunchScreen.storyboard */; };
		F0AFB6C41EF4D8AA0093EA3D /* IRAnimationsTVC.swift in Sources */ = {isa = PBXBuildFile; fileRef = F0AFB6C31EF4D8AA0093EA3D /* IRAnimationsTVC.swift */; };
/* End PBXBuildFile section */

/* Begin PBXFileReference section */
		691F5DB31F07705200B8878A /* IRAnimationStrategyConfig.swift */ = {isa = PBXFileReference; lastKnownFileType = sourcecode.swift; path = IRAnimationStrategyConfig.swift; sourceTree = "<group>"; };
		691F5DB51F07718000B8878A /* IRShapeLayerStrategies.swift */ = {isa = PBXFileReference; lastKnownFileType = sourcecode.swift; path = IRShapeLayerStrategies.swift; sourceTree = "<group>"; };
		694E9B921F0AFEE100018BF0 /* IRGroupAnimationStrategies.swift */ = {isa = PBXFileReference; lastKnownFileType = sourcecode.swift; path = IRGroupAnimationStrategies.swift; sourceTree = "<group>"; };
		697F13ED1F071CA000FF91FE /* QuartzCore.framework */ = {isa = PBXFileReference; lastKnownFileType = wrapper.framework; name = QuartzCore.framework; path = System/Library/Frameworks/QuartzCore.framework; sourceTree = SDKROOT; };
		697F13EF1F07606F00FF91FE /* IRGradientLayerStrategies.swift */ = {isa = PBXFileReference; lastKnownFileType = sourcecode.swift; path = IRGradientLayerStrategies.swift; sourceTree = "<group>"; };
		F0270D881EF542A9004AED1A /* IRAnimateVC.swift */ = {isa = PBXFileReference; fileEncoding = 4; lastKnownFileType = sourcecode.swift; path = IRAnimateVC.swift; sourceTree = "<group>"; };
		F0270D891EF542A9004AED1A /* IRPropertyAnimationStrategies.swift */ = {isa = PBXFileReference; fileEncoding = 4; lastKnownFileType = sourcecode.swift; path = IRPropertyAnimationStrategies.swift; sourceTree = "<group>"; };
		F0270D8D1EF542BF004AED1A /* IRScrubbableAnimateVC.swift */ = {isa = PBXFileReference; fileEncoding = 4; lastKnownFileType = sourcecode.swift; path = IRScrubbableAnimateVC.swift; sourceTree = "<group>"; };
		F0270D8E1EF542BF004AED1A /* IRScrubbableAnimationStrategies.swift */ = {isa = PBXFileReference; fileEncoding = 4; lastKnownFileType = sourcecode.swift; path = IRScrubbableAnimationStrategies.swift; sourceTree = "<group>"; };
		F07FBC331EF4A6D80009AF6E /* IRUIViewPropertyAnimator.app */ = {isa = PBXFileReference; explicitFileType = wrapper.application; includeInIndex = 0; path = IRUIViewPropertyAnimator.app; sourceTree = BUILT_PRODUCTS_DIR; };
		F07FBC361EF4A6D80009AF6E /* AppDelegate.swift */ = {isa = PBXFileReference; lastKnownFileType = sourcecode.swift; path = AppDelegate.swift; sourceTree = "<group>"; };
		F07FBC3B1EF4A6D80009AF6E /* Base */ = {isa = PBXFileReference; lastKnownFileType = file.storyboard; name = Base; path = Base.lproj/Main.storyboard; sourceTree = "<group>"; };
		F07FBC3D1EF4A6D80009AF6E /* Assets.xcassets */ = {isa = PBXFileReference; lastKnownFileType = folder.assetcatalog; path = Assets.xcassets; sourceTree = "<group>"; };
		F07FBC401EF4A6D80009AF6E /* Base */ = {isa = PBXFileReference; lastKnownFileType = file.storyboard; name = Base; path = Base.lproj/LaunchScreen.storyboard; sourceTree = "<group>"; };
		F07FBC421EF4A6D80009AF6E /* Info.plist */ = {isa = PBXFileReference; lastKnownFileType = text.plist.xml; path = Info.plist; sourceTree = "<group>"; };
		F0AFB6C31EF4D8AA0093EA3D /* IRAnimationsTVC.swift */ = {isa = PBXFileReference; fileEncoding = 4; lastKnownFileType = sourcecode.swift; path = IRAnimationsTVC.swift; sourceTree = "<group>"; };
/* End PBXFileReference section */

/* Begin PBXFrameworksBuildPhase section */
		F07FBC301EF4A6D80009AF6E /* Frameworks */ = {
			isa = PBXFrameworksBuildPhase;
			buildActionMask = 2147483647;
			files = (
				697F13EE1F071CAC00FF91FE /* QuartzCore.framework in Frameworks */,
			);
			runOnlyForDeploymentPostprocessing = 0;
		};
/* End PBXFrameworksBuildPhase section */

/* Begin PBXGroup section */
		697F13EC1F071C9F00FF91FE /* Frameworks */ = {
			isa = PBXGroup;
			children = (
				697F13ED1F071CA000FF91FE /* QuartzCore.framework */,
			);
			name = Frameworks;
			sourceTree = "<group>";
		};
		F0270D871EF542A9004AED1A /* Animations */ = {
			isa = PBXGroup;
			children = (
				F0270D881EF542A9004AED1A /* IRAnimateVC.swift */,
				691F5DB31F07705200B8878A /* IRAnimationStrategyConfig.swift */,
				F0270D891EF542A9004AED1A /* IRPropertyAnimationStrategies.swift */,
				697F13EF1F07606F00FF91FE /* IRGradientLayerStrategies.swift */,
				691F5DB51F07718000B8878A /* IRShapeLayerStrategies.swift */,
				694E9B921F0AFEE100018BF0 /* IRGroupAnimationStrategies.swift */,
			);
			path = Animations;
			sourceTree = "<group>";
		};
		F0270D8C1EF542BF004AED1A /* ScrubbableAnimations */ = {
			isa = PBXGroup;
			children = (
				F0270D8D1EF542BF004AED1A /* IRScrubbableAnimateVC.swift */,
				F0270D8E1EF542BF004AED1A /* IRScrubbableAnimationStrategies.swift */,
			);
			path = ScrubbableAnimations;
			sourceTree = "<group>";
		};
		F07FBC2A1EF4A6D80009AF6E = {
			isa = PBXGroup;
			children = (
				F07FBC351EF4A6D80009AF6E /* IRUIViewPropertyAnimator */,
				F07FBC341EF4A6D80009AF6E /* Products */,
				697F13EC1F071C9F00FF91FE /* Frameworks */,
			);
			sourceTree = "<group>";
		};
		F07FBC341EF4A6D80009AF6E /* Products */ = {
			isa = PBXGroup;
			children = (
				F07FBC331EF4A6D80009AF6E /* IRUIViewPropertyAnimator.app */,
			);
			name = Products;
			sourceTree = "<group>";
		};
		F07FBC351EF4A6D80009AF6E /* IRUIViewPropertyAnimator */ = {
			isa = PBXGroup;
			children = (
				F07FBC361EF4A6D80009AF6E /* AppDelegate.swift */,
				F0AFB6C31EF4D8AA0093EA3D /* IRAnimationsTVC.swift */,
				F0270D871EF542A9004AED1A /* Animations */,
				F0270D8C1EF542BF004AED1A /* ScrubbableAnimations */,
				F07FBC3A1EF4A6D80009AF6E /* Main.storyboard */,
				F07FBC3D1EF4A6D80009AF6E /* Assets.xcassets */,
				F07FBC3F1EF4A6D80009AF6E /* LaunchScreen.storyboard */,
				F07FBC421EF4A6D80009AF6E /* Info.plist */,
			);
			path = IRUIViewPropertyAnimator;
			sourceTree = "<group>";
		};
/* End PBXGroup section */

/* Begin PBXNativeTarget section */
		F07FBC321EF4A6D80009AF6E /* IRUIViewPropertyAnimator */ = {
			isa = PBXNativeTarget;
			buildConfigurationList = F07FBC451EF4A6D80009AF6E /* Build configuration list for PBXNativeTarget "IRUIViewPropertyAnimator" */;
			buildPhases = (
				F07FBC2F1EF4A6D80009AF6E /* Sources */,
				F07FBC301EF4A6D80009AF6E /* Frameworks */,
				F07FBC311EF4A6D80009AF6E /* Resources */,
			);
			buildRules = (
			);
			dependencies = (
			);
			name = IRUIViewPropertyAnimator;
			productName = IRUIViewPropertyAnimator;
			productReference = F07FBC331EF4A6D80009AF6E /* IRUIViewPropertyAnimator.app */;
			productType = "com.apple.product-type.application";
		};
/* End PBXNativeTarget section */

/* Begin PBXProject section */
		F07FBC2B1EF4A6D80009AF6E /* Project object */ = {
			isa = PBXProject;
			attributes = {
				LastSwiftUpdateCheck = 0830;
				LastUpgradeCheck = 0830;
				ORGANIZATIONNAME = "Info Reqd";
				TargetAttributes = {
					F07FBC321EF4A6D80009AF6E = {
						CreatedOnToolsVersion = 8.3.3;
						ProvisioningStyle = Automatic;
					};
				};
			};
			buildConfigurationList = F07FBC2E1EF4A6D80009AF6E /* Build configuration list for PBXProject "IRUIViewPropertyAnimator" */;
			compatibilityVersion = "Xcode 3.2";
			developmentRegion = English;
			hasScannedForEncodings = 0;
			knownRegions = (
				en,
				Base,
			);
			mainGroup = F07FBC2A1EF4A6D80009AF6E;
			productRefGroup = F07FBC341EF4A6D80009AF6E /* Products */;
			projectDirPath = "";
			projectRoot = "";
			targets = (
				F07FBC321EF4A6D80009AF6E /* IRUIViewPropertyAnimator */,
			);
		};
/* End PBXProject section */

/* Begin PBXResourcesBuildPhase section */
		F07FBC311EF4A6D80009AF6E /* Resources */ = {
			isa = PBXResourcesBuildPhase;
			buildActionMask = 2147483647;
			files = (
				F07FBC411EF4A6D80009AF6E /* LaunchScreen.storyboard in Resources */,
				F07FBC3E1EF4A6D80009AF6E /* Assets.xcassets in Resources */,
				F07FBC3C1EF4A6D80009AF6E /* Main.storyboard in Resources */,
			);
			runOnlyForDeploymentPostprocessing = 0;
		};
/* End PBXResourcesBuildPhase section */

/* Begin PBXSourcesBuildPhase section */
		F07FBC2F1EF4A6D80009AF6E /* Sources */ = {
			isa = PBXSourcesBuildPhase;
			buildActionMask = 2147483647;
			files = (
				F0270D8B1EF542A9004AED1A /* IRPropertyAnimationStrategies.swift in Sources */,
				F0270D901EF542BF004AED1A /* IRScrubbableAnimationStrategies.swift in Sources */,
				694E9B931F0AFEE100018BF0 /* IRGroupAnimationStrategies.swift in Sources */,
				691F5DB41F07705200B8878A /* IRAnimationStrategyConfig.swift in Sources */,
				F07FBC371EF4A6D80009AF6E /* AppDelegate.swift in Sources */,
				F0270D8F1EF542BF004AED1A /* IRScrubbableAnimateVC.swift in Sources */,
				691F5DB61F07718000B8878A /* IRShapeLayerStrategies.swift in Sources */,
				697F13F01F07606F00FF91FE /* IRGradientLayerStrategies.swift in Sources */,
				F0AFB6C41EF4D8AA0093EA3D /* IRAnimationsTVC.swift in Sources */,
				F0270D8A1EF542A9004AED1A /* IRAnimateVC.swift in Sources */,
			);
			runOnlyForDeploymentPostprocessing = 0;
		};
/* End PBXSourcesBuildPhase section */

/* Begin PBXVariantGroup section */
		F07FBC3A1EF4A6D80009AF6E /* Main.storyboard */ = {
			isa = PBXVariantGroup;
			children = (
				F07FBC3B1EF4A6D80009AF6E /* Base */,
			);
			name = Main.storyboard;
			sourceTree = "<group>";
		};
		F07FBC3F1EF4A6D80009AF6E /* LaunchScreen.storyboard */ = {
			isa = PBXVariantGroup;
			children = (
				F07FBC401EF4A6D80009AF6E /* Base */,
			);
			name = LaunchScreen.storyboard;
			sourceTree = "<group>";
		};
/* End PBXVariantGroup section */

/* Begin XCBuildConfiguration section */
		F07FBC431EF4A6D80009AF6E /* Debug */ = {
			isa = XCBuildConfiguration;
			buildSettings = {
				ALWAYS_SEARCH_USER_PATHS = NO;
				CLANG_ANALYZER_NONNULL = YES;
				CLANG_ANALYZER_NUMBER_OBJECT_CONVERSION = YES_AGGRESSIVE;
				CLANG_CXX_LANGUAGE_STANDARD = "gnu++0x";
				CLANG_CXX_LIBRARY = "libc++";
				CLANG_ENABLE_MODULES = YES;
				CLANG_ENABLE_OBJC_ARC = YES;
				CLANG_WARN_BOOL_CONVERSION = YES;
				CLANG_WARN_CONSTANT_CONVERSION = YES;
				CLANG_WARN_DIRECT_OBJC_ISA_USAGE = YES_ERROR;
				CLANG_WARN_DOCUMENTATION_COMMENTS = YES;
				CLANG_WARN_EMPTY_BODY = YES;
				CLANG_WARN_ENUM_CONVERSION = YES;
				CLANG_WARN_INFINITE_RECURSION = YES;
				CLANG_WARN_INT_CONVERSION = YES;
				CLANG_WARN_OBJC_ROOT_CLASS = YES_ERROR;
				CLANG_WARN_SUSPICIOUS_MOVE = YES;
				CLANG_WARN_UNREACHABLE_CODE = YES;
				CLANG_WARN__DUPLICATE_METHOD_MATCH = YES;
				"CODE_SIGN_IDENTITY[sdk=iphoneos*]" = "iPhone Developer";
				COPY_PHASE_STRIP = NO;
				DEBUG_INFORMATION_FORMAT = dwarf;
				ENABLE_STRICT_OBJC_MSGSEND = YES;
				ENABLE_TESTABILITY = YES;
				GCC_C_LANGUAGE_STANDARD = gnu99;
				GCC_DYNAMIC_NO_PIC = NO;
				GCC_NO_COMMON_BLOCKS = YES;
				GCC_OPTIMIZATION_LEVEL = 0;
				GCC_PREPROCESSOR_DEFINITIONS = (
					"DEBUG=1",
					"$(inherited)",
				);
				GCC_WARN_64_TO_32_BIT_CONVERSION = YES;
				GCC_WARN_ABOUT_RETURN_TYPE = YES_ERROR;
				GCC_WARN_UNDECLARED_SELECTOR = YES;
				GCC_WARN_UNINITIALIZED_AUTOS = YES_AGGRESSIVE;
				GCC_WARN_UNUSED_FUNCTION = YES;
				GCC_WARN_UNUSED_VARIABLE = YES;
				IPHONEOS_DEPLOYMENT_TARGET = 10.3;
				MTL_ENABLE_DEBUG_INFO = YES;
				ONLY_ACTIVE_ARCH = YES;
				SDKROOT = iphoneos;
				SWIFT_ACTIVE_COMPILATION_CONDITIONS = DEBUG;
				SWIFT_OPTIMIZATION_LEVEL = "-Onone";
				TARGETED_DEVICE_FAMILY = "1,2";
			};
			name = Debug;
		};
		F07FBC441EF4A6D80009AF6E /* Release */ = {
			isa = XCBuildConfiguration;
			buildSettings = {
				ALWAYS_SEARCH_USER_PATHS = NO;
				CLANG_ANALYZER_NONNULL = YES;
				CLANG_ANALYZER_NUMBER_OBJECT_CONVERSION = YES_AGGRESSIVE;
				CLANG_CXX_LANGUAGE_STANDARD = "gnu++0x";
				CLANG_CXX_LIBRARY = "libc++";
				CLANG_ENABLE_MODULES = YES;
				CLANG_ENABLE_OBJC_ARC = YES;
				CLANG_WARN_BOOL_CONVERSION = YES;
				CLANG_WARN_CONSTANT_CONVERSION = YES;
				CLANG_WARN_DIRECT_OBJC_ISA_USAGE = YES_ERROR;
				CLANG_WARN_DOCUMENTATION_COMMENTS = YES;
				CLANG_WARN_EMPTY_BODY = YES;
				CLANG_WARN_ENUM_CONVERSION = YES;
				CLANG_WARN_INFINITE_RECURSION = YES;
				CLANG_WARN_INT_CONVERSION = YES;
				CLANG_WARN_OBJC_ROOT_CLASS = YES_ERROR;
				CLANG_WARN_SUSPICIOUS_MOVE = YES;
				CLANG_WARN_UNREACHABLE_CODE = YES;
				CLANG_WARN__DUPLICATE_METHOD_MATCH = YES;
				"CODE_SIGN_IDENTITY[sdk=iphoneos*]" = "iPhone Developer";
				COPY_PHASE_STRIP = NO;
				DEBUG_INFORMATION_FORMAT = "dwarf-with-dsym";
				ENABLE_NS_ASSERTIONS = NO;
				ENABLE_STRICT_OBJC_MSGSEND = YES;
				GCC_C_LANGUAGE_STANDARD = gnu99;
				GCC_NO_COMMON_BLOCKS = YES;
				GCC_WARN_64_TO_32_BIT_CONVERSION = YES;
				GCC_WARN_ABOUT_RETURN_TYPE = YES_ERROR;
				GCC_WARN_UNDECLARED_SELECTOR = YES;
				GCC_WARN_UNINITIALIZED_AUTOS = YES_AGGRESSIVE;
				GCC_WARN_UNUSED_FUNCTION = YES;
				GCC_WARN_UNUSED_VARIABLE = YES;
				IPHONEOS_DEPLOYMENT_TARGET = 10.3;
				MTL_ENABLE_DEBUG_INFO = NO;
				SDKROOT = iphoneos;
				SWIFT_OPTIMIZATION_LEVEL = "-Owholemodule";
				TARGETED_DEVICE_FAMILY = "1,2";
				VALIDATE_PRODUCT = YES;
			};
			name = Release;
		};
		F07FBC461EF4A6D80009AF6E /* Debug */ = {
			isa = XCBuildConfiguration;
			buildSettings = {
				ASSETCATALOG_COMPILER_APPICON_NAME = AppIcon;
				INFOPLIST_FILE = IRUIViewPropertyAnimator/Info.plist;
				LD_RUNPATH_SEARCH_PATHS = "$(inherited) @executable_path/Frameworks";
				PRODUCT_BUNDLE_IDENTIFIER = com.InfoReqd.IRUIViewPropertyAnimator;
				PRODUCT_NAME = "$(TARGET_NAME)";
				SWIFT_VERSION = 3.0;
			};
			name = Debug;
		};
		F07FBC471EF4A6D80009AF6E /* Release */ = {
			isa = XCBuildConfiguration;
			buildSettings = {
				ASSETCATALOG_COMPILER_APPICON_NAME = AppIcon;
				INFOPLIST_FILE = IRUIViewPropertyAnimator/Info.plist;
				LD_RUNPATH_SEARCH_PATHS = "$(inherited) @executable_path/Frameworks";
				PRODUCT_BUNDLE_IDENTIFIER = com.InfoReqd.IRUIViewPropertyAnimator;
				PRODUCT_NAME = "$(TARGET_NAME)";
				SWIFT_VERSION = 3.0;
			};
			name = Release;
		};
/* End XCBuildConfiguration section */

/* Begin XCConfigurationList section */
		F07FBC2E1EF4A6D80009AF6E /* Build configuration list for PBXProject "IRUIViewPropertyAnimator" */ = {
			isa = XCConfigurationList;
			buildConfigurations = (
				F07FBC431EF4A6D80009AF6E /* Debug */,
				F07FBC441EF4A6D80009AF6E /* Release */,
			);
			defaultConfigurationIsVisible = 0;
			defaultConfigurationName = Release;
		};
		F07FBC451EF4A6D80009AF6E /* Build configuration list for PBXNativeTarget "IRUIViewPropertyAnimator" */ = {
			isa = XCConfigurationList;
			buildConfigurations = (
				F07FBC461EF4A6D80009AF6E /* Debug */,
				F07FBC471EF4A6D80009AF6E /* Release */,
			);
			defaultConfigurationIsVisible = 0;
			defaultConfigurationName = Release;
		};
/* End XCConfigurationList section */
	};
	rootObject = F07FBC2B1EF4A6D80009AF6E /* Project object */;
}
